# @generated - this file is auto-generated by `mise lock` https://mise.en.dev/dev-tools/mise-lock.html

[[tools."aqua:gradle/gradle-distributions"]]
version = "8.14.3"
backend = "aqua:gradle/gradle-distributions"

[tools."aqua:gradle/gradle-distributions"."platforms.linux-arm64"]
checksum = "sha256:bd71102213493060956ec229d946beee57158dbd89d0e62b91bca0fa2c5f3531"
url = "https://github.com/gradle/gradle-distributions/releases/download/v8.14.3/gradle-8.14.3-bin.zip"
url_api = "https://api.github.com/repos/gradle/gradle-distributions/releases/assets/269969095"

[tools."aqua:gradle/gradle-distributions"."platforms.linux-arm64-musl"]
checksum = "sha256:bd71102213493060956ec229d946beee57158dbd89d0e62b91bca0fa2c5f3531"
url = "https://github.com/gradle/gradle-distributions/releases/download/v8.14.3/gradle-8.14.3-bin.zip"
url_api = "https://api.github.com/repos/gradle/gradle-distributions/releases/assets/269969095"

[tools."aqua:gradle/gradle-distributions"."platforms.linux-x64"]
checksum = "sha256:bd71102213493060956ec229d946beee57158dbd89d0e62b91bca0fa2c5f3531"
url = "https://github.com/gradle/gradle-distributions/releases/download/v8.14.3/gradle-8.14.3-bin.zip"
url_api = "https://api.github.com/repos/gradle/gradle-distributions/releases/assets/269969095"

[tools."aqua:gradle/gradle-distributions"."platforms.linux-x64-musl"]
checksum = "sha256:bd71102213493060956ec229d946beee57158dbd89d0e62b91bca0fa2c5f3531"
url = "https://github.com/gradle/gradle-distributions/releases/download/v8.14.3/gradle-8.14.3-bin.zip"
url_api = "https://api.github.com/repos/gradle/gradle-distributions/releases/assets/269969095"

[tools."aqua:gradle/gradle-distributions"."platforms.macos-arm64"]
checksum = "sha256:bd71102213493060956ec229d946beee57158dbd89d0e62b91bca0fa2c5f3531"
url = "https://github.com/gradle/gradle-distributions/releases/download/v8.14.3/gradle-8.14.3-bin.zip"
url_api = "https://api.github.com/repos/gradle/gradle-distributions/releases/assets/269969095"

[tools."aqua:gradle/gradle-distributions"."platforms.macos-x64"]
checksum = "sha256:bd71102213493060956ec229d946beee57158dbd89d0e62b91bca0fa2c5f3531"
url = "https://github.com/gradle/gradle-distributions/releases/download/v8.14.3/gradle-8.14.3-bin.zip"
url_api = "https://api.github.com/repos/gradle/gradle-distributions/releases/assets/269969095"

[tools."aqua:gradle/gradle-distributions"."platforms.windows-x64"]
checksum = "sha256:bd71102213493060956ec229d946beee57158dbd89d0e62b91bca0fa2c5f3531"
url = "https://github.com/gradle/gradle-distributions/releases/download/v8.14.3/gradle-8.14.3-bin.zip"
url_api = "https://api.github.com/repos/gradle/gradle-distributions/releases/assets/269969095"

[[tools."github:pulumi/pulumi"]]
version = "3.261.0"
backend = "github:pulumi/pulumi"

[tools."github:pulumi/pulumi"."platforms.linux-arm64"]
checksum = "sha256:631ab5c09455016087846c1142761cd16b2f1900dd71904a0c21193601f6fb0c"
url = "https://github.com/pulumi/pulumi/releases/download/v3.261.0/pulumi-v3.261.0-linux-arm64.tar.gz"
url_api = "https://api.github.com/repos/pulumi/pulumi/releases/assets/541062526"

[tools."github:pulumi/pulumi"."platforms.linux-arm64-musl"]
checksum = "sha256:631ab5c09455016087846c1142761cd16b2f1900dd71904a0c21193601f6fb0c"
url = "https://github.com/pulumi/pulumi/releases/download/v3.261.0/pulumi-v3.261.0-linux-arm64.tar.gz"
url_api = "https://api.github.com/repos/pulumi/pulumi/releases/assets/541062526"

[tools."github:pulumi/pulumi"."platforms.linux-x64"]
checksum = "sha256:39bc0d2427e22ead6039fad7a7337c2fdc53a68b737ccc52dc897d244aaa8853"
url = "https://github.com/pulumi/pulumi/releases/download/v3.261.0/pulumi-v3.261.0-linux-x64.tar.gz"
url_api = "https://api.github.com/repos/pulumi/pulumi/releases/assets/541062612"

[tools."github:pulumi/pulumi"."platforms.linux-x64-musl"]
checksum = "sha256:39bc0d2427e22ead6039fad7a7337c2fdc53a68b737ccc52dc897d244aaa8853"
url = "https://github.com/pulumi/pulumi/releases/download/v3.261.0/pulumi-v3.261.0-linux-x64.tar.gz"
url_api = "https://api.github.com/repos/pulumi/pulumi/releases/assets/541062612"

[tools."github:pulumi/pulumi"."platforms.macos-arm64"]
checksum = "sha256:6cf9054b00de8c48599af6a6e3deaaf65bd0ca92447396912d05f2fa899e9fce"
url = "https://github.com/pulumi/pulumi/releases/download/v3.261.0/pulumi-v3.261.0-darwin-arm64.tar.gz"
url_api = "https://api.github.com/repos/pulumi/pulumi/releases/assets/541062398"

[tools."github:pulumi/pulumi"."platforms.macos-x64"]
checksum = "sha256:36b0f48824983e3d17690cb462d4ff044a4e9a180b8ac6a4a282879342b6d395"
url = "https://github.com/pulumi/pulumi/releases/download/v3.261.0/pulumi-v3.261.0-darwin-x64.tar.gz"
url_api = "https://api.github.com/repos/pulumi/pulumi/releases/assets/541062466"

[tools."github:pulumi/pulumi"."platforms.windows-x64"]
checksum = "sha256:6a09d846c9a23c602db36d19fd227307be5c77bd23f9536d87d92fc3ad344d32"
url = "https://github.com/pulumi/pulumi/releases/download/v3.261.0/pulumi-v3.261.0-windows-x64.zip"
url_api = "https://api.github.com/repos/pulumi/pulumi/releases/assets/541062801"

[[tools."github:pulumi/pulumictl"]]
version = "0.0.50"
backend = "github:pulumi/pulumictl"

[tools."github:pulumi/pulumictl"."platforms.linux-arm64"]
checksum = "sha256:c1d58544bee6f67ba67611faaab4422840934385d043c5be44e1662c35c7fee4"
url = "https://github.com/pulumi/pulumictl/releases/download/v0.0.50/pulumictl-v0.0.50-linux-arm64.tar.gz"
url_api = "https://api.github.com/repos/pulumi/pulumictl/releases/assets/278054512"

[tools."github:pulumi/pulumictl"."platforms.linux-arm64-musl"]
checksum = "sha256:c1d58544bee6f67ba67611faaab4422840934385d043c5be44e1662c35c7fee4"
url = "https://github.com/pulumi/pulumictl/releases/download/v0.0.50/pulumictl-v0.0.50-linux-arm64.tar.gz"
url_api = "https://api.github.com/repos/pulumi/pulumictl/releases/assets/278054512"

[tools."github:pulumi/pulumictl"."platforms.linux-x64"]
checksum = "sha256:a988418240d3a985bdcb9753b7c65ba4b06608deb359dc2942cb8c9374abc164"
url = "https://github.com/pulumi/pulumictl/releases/download/v0.0.50/pulumictl-v0.0.50-linux-amd64.tar.gz"
url_api = "https://api.github.com/repos/pulumi/pulumictl/releases/assets/278054496"

[tools."github:pulumi/pulumictl"."platforms.linux-x64-musl"]
checksum = "sha256:a988418240d3a985bdcb9753b7c65ba4b06608deb359dc2942cb8c9374abc164"
url = "https://github.com/pulumi/pulumictl/releases/download/v0.0.50/pulumictl-v0.0.50-linux-amd64.tar.gz"
url_api = "https://api.github.com/repos/pulumi/pulumictl/releases/assets/278054496"

[tools."github:pulumi/pulumictl"."platforms.macos-arm64"]
checksum = "sha256:0010e993bc9aac1901b9c86291efa678aa317d094d57e2e927359d51e5247b68"
url = "https://github.com/pulumi/pulumictl/releases/download/v0.0.50/pulumictl-v0.0.50-darwin-arm64.tar.gz"
url_api = "https://api.github.com/repos/pulumi/pulumictl/releases/assets/278054511"

[tools."github:pulumi/pulumictl"."platforms.macos-x64"]
checksum = "sha256:8b528f32d83b86d38a85882ab0d955453977342b85bd5f0e25bcf5f2904a9b13"
url = "https://github.com/pulumi/pulumictl/releases/download/v0.0.50/pulumictl-v0.0.50-darwin-amd64.tar.gz"
url_api = "https://api.github.com/repos/pulumi/pulumictl/releases/assets/278054510"

[tools."github:pulumi/pulumictl"."platforms.windows-x64"]
checksum = "sha256:f9c9c6bf54355952d45bcec1235be8e2a245a083f75a589257b8f380515daee2"
url = "https://github.com/pulumi/pulumictl/releases/download/v0.0.50/pulumictl-v0.0.50-windows-amd64.zip"
url_api = "https://api.github.com/repos/pulumi/pulumictl/releases/assets/278054497"

[[tools."github:pulumi/schema-tools"]]
version = "0.7.1"
backend = "github:pulumi/schema-tools"

[tools."github:pulumi/schema-tools"."platforms.linux-arm64"]
checksum = "sha256:ed0078aa664dc5a3d9dcf1f7dde6e966a8aaddd55f58be3570a2c4e2b8ba8812"
url = "https://github.com/pulumi/schema-tools/releases/download/v0.7.1/schema-tools-v0.7.1-linux-arm64.tar.gz"
url_api = "https://api.github.com/repos/pulumi/schema-tools/releases/assets/386360425"

[tools."github:pulumi/schema-tools"."platforms.linux-arm64-musl"]
checksum = "sha256:ed0078aa664dc5a3d9dcf1f7dde6e966a8aaddd55f58be3570a2c4e2b8ba8812"
url = "https://github.com/pulumi/schema-tools/releases/download/v0.7.1/schema-tools-v0.7.1-linux-arm64.tar.gz"
url_api = "https://api.github.com/repos/pulumi/schema-tools/releases/assets/386360425"

[tools."github:pulumi/schema-tools"."platforms.linux-x64"]
checksum = "sha256:5560e87df3e466fd1961bbef7e66c4b5b3363b18b300d313d5edcee05926bb5c"
url = "https://github.com/pulumi/schema-tools/releases/download/v0.7.1/schema-tools-v0.7.1-linux-amd64.tar.gz"
url_api = "https://api.github.com/repos/pulumi/schema-tools/releases/assets/386360404"

[tools."github:pulumi/schema-tools"."platforms.linux-x64-musl"]
checksum = "sha256:5560e87df3e466fd1961bbef7e66c4b5b3363b18b300d313d5edcee05926bb5c"
url = "https://github.com/pulumi/schema-tools/releases/download/v0.7.1/schema-tools-v0.7.1-linux-amd64.tar.gz"
url_api = "https://api.github.com/repos/pulumi/schema-tools/releases/assets/386360404"

[tools."github:pulumi/schema-tools"."platforms.macos-arm64"]
checksum = "sha256:24345e0a1bda6ea032426239cbdb15247110c93601153f9dae5d9fb769d27587"
url = "https://github.com/pulumi/schema-tools/releases/download/v0.7.1/schema-tools-v0.7.1-darwin-arm64.tar.gz"
url_api = "https://api.github.com/repos/pulumi/schema-tools/releases/assets/386360427"

[tools."github:pulumi/schema-tools"."platforms.macos-x64"]
checksum = "sha256:c26e5d0e2760cc9792000a5651a8bd5e6e6821bbcdc2da461ee58d368368d598"
url = "https://github.com/pulumi/schema-tools/releases/download/v0.7.1/schema-tools-v0.7.1-darwin-amd64.tar.gz"
url_api = "https://api.github.com/repos/pulumi/schema-tools/releases/assets/386360403"

[tools."github:pulumi/schema-tools"."platforms.windows-x64"]
checksum = "sha256:40889bd3eda89045ea4835b07344c8a2e98055a410f3bb617a38973c46fd8299"
url = "https://github.com/pulumi/schema-tools/releases/download/v0.7.1/schema-tools-v0.7.1-windows-amd64.zip"
url_api = "https://api.github.com/repos/pulumi/schema-tools/releases/assets/386360406"

[[tools.go]]
version = "1.27.1"
backend = "core:go"

[tools.go."platforms.linux-arm64"]
checksum = "sha256:3450b45a3f9ee8568792736a5c5e70a1f2e9b36c35a8f74958c03e51d7d92bec"
url = "https://dl.google.com/go/go1.27.1.linux-arm64.tar.gz"

[tools.go."platforms.linux-arm64-musl"]
checksum = "sha256:3450b45a3f9ee8568792736a5c5e70a1f2e9b36c35a8f74958c03e51d7d92bec"
url = "https://dl.google.com/go/go1.27.1.linux-arm64.tar.gz"

[tools.go."platforms.linux-x64"]
checksum = "sha256:63d339f0da5ab53635a56f2490a7984dfe12dfcff22ad749f63edaf590168445"
url = "https://dl.google.com/go/go1.27.1.linux-amd64.tar.gz"

[tools.go."platforms.linux-x64-musl"]
checksum = "sha256:63d339f0da5ab53635a56f2490a7984dfe12dfcff22ad749f63edaf590168445"
url = "https://dl.google.com/go/go1.27.1.linux-amd64.tar.gz"

[tools.go."platforms.macos-arm64"]
checksum = "sha256:ee215d57e0ec269c60cc9ceca68e6bda321ba9ee5afe24f4b0988703c2d87d12"
url = "https://dl.google.com/go/go1.27.1.darwin-arm64.tar.gz"

[tools.go."platforms.macos-x64"]
checksum = "sha256:8f8f52c6649542cf027bbc9b9c68d1ec042f9f34808a40413f0b8b3f66f3caa4"
url = "https://dl.google.com/go/go1.27.1.darwin-amd64.tar.gz"

[tools.go."platforms.windows-x64"]
checksum = "sha256:a3911b5e0e1b1053f25ed0675f4c1c6aad1e2bfcf253df2b9be4caabd2edd95d"
url = "https://dl.google.com/go/go1.27.1.windows-amd64.zip"

[[tools.golangci-lint]]
version = "2.13.2"
backend = "aqua:golangci/golangci-lint"

[tools.golangci-lint."platforms.linux-arm64"]
checksum = "sha256:a2a4e0065aa41be71f7c5ac90f271b61751331e5d04314e62afe4027855f0893"
url = "https://github.com/golangci/golangci-lint/releases/download/v2.13.2/golangci-lint-2.13.2-linux-arm64.tar.gz"
url_api = "https://api.github.com/repos/golangci/golangci-lint/releases/assets/532995442"
provenance = "github-attestations"

[tools.golangci-lint."platforms.linux-arm64-musl"]
checksum = "sha256:a2a4e0065aa41be71f7c5ac90f271b61751331e5d04314e62afe4027855f0893"
url = "https://github.com/golangci/golangci-lint/releases/download/v2.13.2/golangci-lint-2.13.2-linux-arm64.tar.gz"
url_api = "https://api.github.com/repos/golangci/golangci-lint/releases/assets/532995442"
provenance = "github-attestations"

[tools.golangci-lint."platforms.linux-x64"]
checksum = "sha256:2277d43b98ec0054280f2ac26b53268bae97682444678a59a657dd565da021d6"
url = "https://github.com/golangci/golangci-lint/releases/download/v2.13.2/golangci-lint-2.13.2-linux-amd64.tar.gz"
url_api = "https://api.github.com/repos/golangci/golangci-lint/releases/assets/532995333"
provenance = "github-attestations"

[tools.golangci-lint."platforms.linux-x64-musl"]
checksum = "sha256:2277d43b98ec0054280f2ac26b53268bae97682444678a59a657dd565da021d6"
url = "https://github.com/golangci/golangci-lint/releases/download/v2.13.2/golangci-lint-2.13.2-linux-amd64.tar.gz"
url_api = "https://api.github.com/repos/golangci/golangci-lint/releases/assets/532995333"
provenance = "github-attestations"

[tools.golangci-lint."platforms.macos-arm64"]
checksum = "sha256:f4bf83f0b64f055c42b28fc9a38861839f69c096e61c788e72dfaae412011789"
url = "https://github.com/golangci/golangci-lint/releases/download/v2.13.2/golangci-lint-2.13.2-darwin-arm64.tar.gz"
url_api = "https://api.github.com/repos/golangci/golangci-lint/releases/assets/532995398"
provenance = "github-attestations"

[tools.golangci-lint."platforms.macos-x64"]
checksum = "sha256:8a13aaf9cbbb1dee52824e862cf0d0720e5bb97c1f4260d1e51623a09492b57b"
url = "https://github.com/golangci/golangci-lint/releases/download/v2.13.2/golangci-lint-2.13.2-darwin-amd64.tar.gz"
url_api = "https://api.github.com/repos/golangci/golangci-lint/releases/assets/532995222"
provenance = "github-attestations"

[tools.golangci-lint."platforms.windows-x64"]
checksum = "sha256:4735fdc8e84a0cfb7a15a1c364a650942f88215e0d36c674ebc4024f7b554524"
url = "https://github.com/golangci/golangci-lint/releases/download/v2.13.2/golangci-lint-2.13.2-windows-amd64.zip"
url_api = "https://api.github.com/repos/golangci/golangci-lint/releases/assets/532995335"
provenance = "github-attestations"

[[tools.java]]
version = "corretto-11.0.31.11.1"
backend = "core:java"

[tools.java."platforms.linux-arm64"]
checksum = "sha256:8ee5fba821463363dc76a18049e338d12c74752430a743aa405af126a62218da"
url = "https://corretto.aws/downloads/resources/11.0.31.11.1/amazon-corretto-11.0.31.11.1-linux-aarch64.tar.gz"

[tools.java."platforms.linux-arm64-musl"]
checksum = "sha256:929483a5d0589eafc66e68c46b9d730c0c779b1ce4c1ecdd04b4bd91e9df75e4"
url = "https://corretto.aws/downloads/resources/11.0.31.11.1/amazon-corretto-11.0.31.11.1-alpine-linux-aarch64.tar.gz"

[tools.java."platforms.linux-x64"]
checksum = "sha256:70f6ff3668f27d1052f9e26c7a00d601774a556a49e6e9e7faa9d510ae1d0dbe"
url = "https://corretto.aws/downloads/resources/11.0.31.11.1/amazon-corretto-11.0.31.11.1-linux-x64.tar.gz"

[tools.java."platforms.linux-x64-musl"]
checksum = "sha256:c78b67dcc824db1ff92e139a3826498ab8b35c1aa5ff930af6be3b5a848fc056"
url = "https://corretto.aws/downloads/resources/11.0.31.11.1/amazon-corretto-11.0.31.11.1-alpine-linux-x64.tar.gz"

[tools.java."platforms.macos-arm64"]
checksum = "sha256:e31cc1fd9b42bf40ec0682a027c024599ac1d84bf2447ab1f32b4caa94c08faa"
url = "https://corretto.aws/downloads/resources/11.0.31.11.1/amazon-corretto-11.0.31.11.1-macosx-aarch64.tar.gz"

[tools.java."platforms.macos-x64"]
checksum = "sha256:ce278c17516502934179faff7e6d64aac0bab0e48633c792b59b70893b56a0e6"
url = "https://corretto.aws/downloads/resources/11.0.31.11.1/amazon-corretto-11.0.31.11.1-macosx-x64.tar.gz"

[tools.java."platforms.windows-x64"]
checksum = "sha256:462f2a455d8f8da1a3a839a0f3de10c7a5fe6f7d230cf995e144a769382f4afe"
url = "https://corretto.aws/downloads/resources/11.0.31.11.1/amazon-corretto-11.0.31.11.1-windows-x64-jdk.zip"

[[tools.node]]
version = "26.8.1"
backend = "core:node"

[tools.node."platforms.linux-arm64"]
checksum = "sha256:d5f973ce975e4bd03e6c2038260f7e9201615aa8e1ee293c72f8dcc2a6d9fddb"
url = "https://nodejs.org/dist/v26.8.1/node-v26.8.1-linux-arm64.tar.gz"

[tools.node."platforms.linux-arm64-musl"]
checksum = "sha256:0fe78afdeb4a4d273b14abbd4b946c772885c58994c9d23b1c8ae0a59a2f8a53"
url = "https://unofficial-builds.nodejs.org/download/release/v26.8.1/node-v26.8.1-linux-arm64-musl.tar.gz"

[tools.node."platforms.linux-x64"]
checksum = "sha256:b2b76660fa4ded4e0b2a41ee3c0c651cd52ea8170ead91ebac1e147ac3d55643"
url = "https://nodejs.org/dist/v26.8.1/node-v26.8.1-linux-x64.tar.gz"

[tools.node."platforms.linux-x64-musl"]
checksum = "sha256:13135a6a2106f9d111fa9b48c8801ed119ad43e7e1d00de17d77a9c44899aada"
url = "https://unofficial-builds.nodejs.org/download/release/v26.8.1/node-v26.8.1-linux-x64-musl.tar.gz"

[tools.node."platforms.macos-arm64"]
checksum = "sha256:6e577fd0d9db776db82306629e441a9dace416702622aebdd171c9dfaa41f4d2"
url = "https://nodejs.org/dist/v26.8.1/node-v26.8.1-darwin-arm64.tar.gz"

[tools.node."platforms.macos-x64"]
checksum = "sha256:fe9c6dbf9c8e1b4443803d75e2a20366e420dae650c747dbb116b22975751baf"
url = "https://nodejs.org/dist/v26.8.1/node-v26.8.1-darwin-x64.tar.gz"

[tools.node."platforms.windows-x64"]
checksum = "sha256:57693d8e93d1b04e7b7de46aca53ecd63e97564e73de36a68428d7ff08d83587"
url = "https://nodejs.org/dist/v26.8.1/node-v26.8.1-win-x64.zip"

[[tools."npm:yarn"]]
version = "1.22.22"
backend = "npm:yarn"

[[tools.python]]
version = "3.11.15"
backend = "core:python"

[tools.python."platforms.linux-arm64"]
checksum = "sha256:9ac18c9a761e91e6c6452bc0ef0082922a00a3fdec734555635d57c3169309b7"
url = "https://github.com/astral-sh/python-build-standalone/releases/download/20260623/cpython-3.11.15+20260623-aarch64-unknown-linux-gnu-install_only_stripped.tar.gz"
provenance = "github-attestations"

[tools.python."platforms.linux-arm64-musl"]
checksum = "sha256:bcd414f2e9d8cc5d4ac7fab2c8f912e30379c150fa6b94da19d64daf85cfc5d4"
url = "https://github.com/astral-sh/python-build-standalone/releases/download/20260623/cpython-3.11.15+20260623-aarch64-unknown-linux-musl-install_only_stripped.tar.gz"
provenance = "github-attestations"

[tools.python."platforms.linux-x64"]
checksum = "sha256:0604cd029b142dc223e131f17f5941c0c8d2d5074997c8178b515b19eea2a6c2"
url = "https://github.com/astral-sh/python-build-standalone/releases/download/20260623/cpython-3.11.15+20260623-x86_64-unknown-linux-gnu-install_only_stripped.tar.gz"
provenance = "github-attestations"

[tools.python."platforms.linux-x64-musl"]
checksum = "sha256:45bffdb320cf4a2c2dbf183b634aeb7e28f9cb0646f715b2f4117c11084d839a"
url = "https://github.com/astral-sh/python-build-standalone/releases/download/20260623/cpython-3.11.15+20260623-x86_64-unknown-linux-musl-install_only_stripped.tar.gz"
provenance = "github-attestations"

[tools.python."platforms.macos-arm64"]
checksum = "sha256:2318799eaf104f8a29bc09a93b0851b05dbbcb4ce9a5f045ddea169c0c7ff3a5"
url = "https://github.com/astral-sh/python-build-standalone/releases/download/20260623/cpython-3.11.15+20260623-aarch64-apple-darwin-install_only_stripped.tar.gz"
provenance = "github-attestations"

[tools.python."platforms.macos-x64"]
checksum = "sha256:4925e5aaa9bc77c85302d350b36c1d9def2002996a6bcfa55c88ba6eb318de29"
url = "https://github.com/astral-sh/python-build-standalone/releases/download/20260623/cpython-3.11.15+20260623-x86_64-apple-darwin-install_only_stripped.tar.gz"
provenance = "github-attestations"

[tools.python."platforms.windows-x64"]
checksum = "sha256:6589ca6d63f520bec4096d62b3ab91da3d0a80b16b594c99a6b677e335814683"
url = "https://github.com/astral-sh/python-build-standalone/releases/download/20260623/cpython-3.11.15+20260623-x86_64-pc-windows-msvc-install_only_stripped.tar.gz"
provenance = "github-attestations"

[[tools."vfox:version-fox/vfox-dotnet"]]
version = "8.0.20"
backend = "vfox:version-fox/vfox-dotnet"

[tools."vfox:version-fox/vfox-dotnet"."platforms.linux-arm64"]
url = "https://builds.dotnet.microsoft.com/dotnet/Sdk/8.0.414/dotnet-sdk-8.0.414-linux-arm64.tar.gz"

[tools."vfox:version-fox/vfox-dotnet"."platforms.linux-arm64-musl"]
url = "https://builds.dotnet.microsoft.com/dotnet/Sdk/8.0.414/dotnet-sdk-8.0.414-linux-arm64.tar.gz"

[tools."vfox:version-fox/vfox-dotnet"."platforms.linux-x64"]
url = "https://builds.dotnet.microsoft.com/dotnet/Sdk/8.0.414/dotnet-sdk-8.0.414-linux-x64.tar.gz"

[tools."vfox:version-fox/vfox-dotnet"."platforms.linux-x64-musl"]
url = "https://builds.dotnet.microsoft.com/dotnet/Sdk/8.0.414/dotnet-sdk-8.0.414-linux-x64.tar.gz"

[tools."vfox:version-fox/vfox-dotnet"."platforms.macos-arm64"]
url = "https://builds.dotnet.microsoft.com/dotnet/Sdk/8.0.414/dotnet-sdk-8.0.414-osx-arm64.tar.gz"

[tools."vfox:version-fox/vfox-dotnet"."platforms.macos-x64"]
url = "https://builds.dotnet.microsoft.com/dotnet/Sdk/8.0.414/dotnet-sdk-8.0.414-osx-x64.tar.gz"

[tools."vfox:version-fox/vfox-dotnet"."platforms.windows-x64"]
url = "https://builds.dotnet.microsoft.com/dotnet/Sdk/8.0.414/dotnet-sdk-8.0.414-win-x64.zip"
