# @generated - this file is auto-generated by `mise lock` https://mise.en.dev/dev-tools/mise-lock.html

[[tools."aqua:gotestyourself/gotestsum"]]
version = "1.12.0"
backend = "aqua:gotestyourself/gotestsum"

[tools."aqua:gotestyourself/gotestsum"."platforms.linux-arm64"]
checksum = "sha256:b8b33c5b5b8fc7c358eb91f131d99f7feb2f1cf5a6ef28ab887367342dd59e83"
url = "https://github.com/gotestyourself/gotestsum/releases/download/v1.12.0/gotestsum_1.12.0_linux_arm64.tar.gz"

[tools."aqua:gotestyourself/gotestsum"."platforms.linux-arm64-musl"]
checksum = "sha256:b8b33c5b5b8fc7c358eb91f131d99f7feb2f1cf5a6ef28ab887367342dd59e83"
url = "https://github.com/gotestyourself/gotestsum/releases/download/v1.12.0/gotestsum_1.12.0_linux_arm64.tar.gz"

[tools."aqua:gotestyourself/gotestsum"."platforms.linux-x64"]
checksum = "sha256:a50939fcfdfbc052bf97ff074c7fd8bcde1745be4a365d12d79311c293f12ae7"
url = "https://github.com/gotestyourself/gotestsum/releases/download/v1.12.0/gotestsum_1.12.0_linux_amd64.tar.gz"

[tools."aqua:gotestyourself/gotestsum"."platforms.linux-x64-musl"]
checksum = "sha256:a50939fcfdfbc052bf97ff074c7fd8bcde1745be4a365d12d79311c293f12ae7"
url = "https://github.com/gotestyourself/gotestsum/releases/download/v1.12.0/gotestsum_1.12.0_linux_amd64.tar.gz"

[tools."aqua:gotestyourself/gotestsum"."platforms.macos-arm64"]
checksum = "sha256:c5ffdc9054644c4db365de2197a12d21eff48b88a9ad20e3e0c29346802d0b41"
url = "https://github.com/gotestyourself/gotestsum/releases/download/v1.12.0/gotestsum_1.12.0_darwin_arm64.tar.gz"

[tools."aqua:gotestyourself/gotestsum"."platforms.macos-x64"]
checksum = "sha256:6aadbf46e0faba9e025fdf2726cbf660f5975fe7a8d4e57977f0e85212d5bdc9"
url = "https://github.com/gotestyourself/gotestsum/releases/download/v1.12.0/gotestsum_1.12.0_darwin_amd64.tar.gz"

[tools."aqua:gotestyourself/gotestsum"."platforms.windows-x64"]
checksum = "sha256:5bb5c6bb5182b75f7be35d4cd157033ba7c21fbf31dbababe25e5bb9d8e4bc7a"
url = "https://github.com/gotestyourself/gotestsum/releases/download/v1.12.0/gotestsum_1.12.0_windows_amd64.tar.gz"
